
Microsoft Visual Studio Solution File, Format Version 12.00
# Visual Studio Version 17
VisualStudioVersion = 17.6.33815.320
MinimumVisualStudioVersion = 10.0.40219.1
Project("{2150E333-8FDC-42A3-9474-1A3956D46DE8}") = "Services", "Services", "{9AFA690C-7E33-4CB6-B131-2D1B153AE675}"
EndProject
Project("{2150E333-8FDC-42A3-9474-1A3956D46DE8}") = "Tasks", "Tasks", "{694EB5A1-A809-44B6-9C43-8E374BCC8388}"
EndProject
Project("{9A19103F-16F7-4668-BE54-9A1E7A4F7556}") = "MicroTask.Services.Tasks.Api", "MicroTask.Services.Tasks.Api\MicroTask.Services.Tasks.Api.csproj", "{8070D688-74A1-488F-AA6E-D9265660D0F1}"
EndProject
Project("{9A19103F-16F7-4668-BE54-9A1E7A4F7556}") = "MicroTask.Services.Tasks.Domain", "MicroTask.Services.Tasks.Domain\MicroTask.Services.Tasks.Domain.csproj", "{07C22610-BFC5-4146-A88E-F909289384A2}"
EndProject
Project("{2150E333-8FDC-42A3-9474-1A3956D46DE8}") = "Users", "Users", "{F2F68DBF-7B33-4E62-80C7-656136F98285}"
EndProject
Project("{9A19103F-16F7-4668-BE54-9A1E7A4F7556}") = "MicroTask.Services.Users.Api", "MicroTask.Services.Users.Api\MicroTask.Services.Users.Api.csproj", "{A0BA9F5A-150F-4D93-B7B1-478920996F15}"
EndProject
Project("{9A19103F-16F7-4668-BE54-9A1E7A4F7556}") = "MicroTask.Services.Users.Domain", "MicroTask.Services.Users.Domain\MicroTask.Services.Users.Domain.csproj", "{C169BB79-DE77-47E2-A98D-2FA28E7F780E}"
EndProject
Project("{9A19103F-16F7-4668-BE54-9A1E7A4F7556}") = "MicroTask.Services.Users.Infrastructure", "MicroTask.Serivces.Users.Infrastructure\MicroTask.Services.Users.Infrastructure.csproj", "{24F9A075-8CBA-4628-8FAD-8DE8783BEC89}"
EndProject
Project("{E53339B2-1760-4266-BCC7-CA923CBCF16C}") = "docker-compose", "docker-compose.dcproj", "{12392ED8-4013-4A7F-982F-D2328013A39B}"
EndProject
Project("{2150E333-8FDC-42A3-9474-1A3956D46DE8}") = "Categories", "Categories", "{84EB93AE-3B4C-408E-8AAC-7FA32281070C}"
EndProject
Project("{9A19103F-16F7-4668-BE54-9A1E7A4F7556}") = "MicroTask.Services.Categories.Api", "MicroTask.Services.Categories.Api\MicroTask.Services.Categories.Api.csproj", "{EBDAEF38-1820-455F-8086-74B199D488B8}"
EndProject
Project("{9A19103F-16F7-4668-BE54-9A1E7A4F7556}") = "MicroTask.Services.Categories.Domain", "MicroTask.Services.Categories.Domain\MicroTask.Services.Categories.Domain.csproj", "{A93B84D2-7508-470F-9E66-7E477703253D}"
EndProject
Project("{2150E333-8FDC-42A3-9474-1A3956D46DE8}") = "Comments", "Comments", "{65846C42-F78F-491E-8335-046B9D4DFA68}"
EndProject
Project("{9A19103F-16F7-4668-BE54-9A1E7A4F7556}") = "MicroTask.Services.Comments.Api", "MicroTask.Services.Comments.Api\MicroTask.Services.Comments.Api.csproj", "{A8F923B5-BB01-42B0-ABFE-610665237154}"
EndProject
Project("{9A19103F-16F7-4668-BE54-9A1E7A4F7556}") = "MicroTask.Services.Comments.Domain", "MicroTask.Services.Comments.Domain\MicroTask.Services.Comments.Domain.csproj", "{3BDE0059-B165-43C3-9E5E-B5A828B2FB6F}"
EndProject
Project("{9A19103F-16F7-4668-BE54-9A1E7A4F7556}") = "MicroTask.Services.Categories.Application", "MicroTask.Services.Categories.Application\MicroTask.Services.Categories.Application.csproj", "{00BB000E-E61E-48B0-8E28-78AAF537CE85}"
EndProject
Project("{FAE04EC0-301F-11D3-BF4B-00C04F79EFBC}") = "MicroTask.Services.Comments.Application", "MicroTask.Services.Comments.Application\MicroTask.Services.Comments.Application.csproj", "{41A814C2-6EDD-489D-B372-E042E8C25532}"
EndProject
Project("{FAE04EC0-301F-11D3-BF4B-00C04F79EFBC}") = "MicroTask.Services.Tasks.Application", "MicroTask.Services.Tasks.Application\MicroTask.Services.Tasks.Application.csproj", "{9484300C-2993-4BDD-B703-459CBB3A1748}"
EndProject
Project("{FAE04EC0-301F-11D3-BF4B-00C04F79EFBC}") = "MicroTask.Services.Users.Application", "MicroTask.Services.Users.Application\MicroTask.Services.Users.Application.csproj", "{0C11C0A7-A1E1-43BF-8CE4-C40C1A06B964}"
EndProject
Global
	GlobalSection(SolutionConfigurationPlatforms) = preSolution
		Debug|Any CPU = Debug|Any CPU
		Release|Any CPU = Release|Any CPU
	EndGlobalSection
	GlobalSection(ProjectConfigurationPlatforms) = postSolution
		{8070D688-74A1-488F-AA6E-D9265660D0F1}.Debug|Any CPU.ActiveCfg = Debug|Any CPU
		{8070D688-74A1-488F-AA6E-D9265660D0F1}.Debug|Any CPU.Build.0 = Debug|Any CPU
		{8070D688-74A1-488F-AA6E-D9265660D0F1}.Release|Any CPU.ActiveCfg = Release|Any CPU
		{8070D688-74A1-488F-AA6E-D9265660D0F1}.Release|Any CPU.Build.0 = Release|Any CPU
		{07C22610-BFC5-4146-A88E-F909289384A2}.Debug|Any CPU.ActiveCfg = Debug|Any CPU
		{07C22610-BFC5-4146-A88E-F909289384A2}.Debug|Any CPU.Build.0 = Debug|Any CPU
		{07C22610-BFC5-4146-A88E-F909289384A2}.Release|Any CPU.ActiveCfg = Release|Any CPU
		{07C22610-BFC5-4146-A88E-F909289384A2}.Release|Any CPU.Build.0 = Release|Any CPU
		{A0BA9F5A-150F-4D93-B7B1-478920996F15}.Debug|Any CPU.ActiveCfg = Debug|Any CPU
		{A0BA9F5A-150F-4D93-B7B1-478920996F15}.Debug|Any CPU.Build.0 = Debug|Any CPU
		{A0BA9F5A-150F-4D93-B7B1-478920996F15}.Release|Any CPU.ActiveCfg = Release|Any CPU
		{A0BA9F5A-150F-4D93-B7B1-478920996F15}.Release|Any CPU.Build.0 = Release|Any CPU
		{C169BB79-DE77-47E2-A98D-2FA28E7F780E}.Debug|Any CPU.ActiveCfg = Debug|Any CPU
		{C169BB79-DE77-47E2-A98D-2FA28E7F780E}.Debug|Any CPU.Build.0 = Debug|Any CPU
		{C169BB79-DE77-47E2-A98D-2FA28E7F780E}.Release|Any CPU.ActiveCfg = Release|Any CPU
		{C169BB79-DE77-47E2-A98D-2FA28E7F780E}.Release|Any CPU.Build.0 = Release|Any CPU
		{24F9A075-8CBA-4628-8FAD-8DE8783BEC89}.Debug|Any CPU.ActiveCfg = Debug|Any CPU
		{24F9A075-8CBA-4628-8FAD-8DE8783BEC89}.Debug|Any CPU.Build.0 = Debug|Any CPU
		{24F9A075-8CBA-4628-8FAD-8DE8783BEC89}.Release|Any CPU.ActiveCfg = Release|Any CPU
		{24F9A075-8CBA-4628-8FAD-8DE8783BEC89}.Release|Any CPU.Build.0 = Release|Any CPU
		{12392ED8-4013-4A7F-982F-D2328013A39B}.Debug|Any CPU.ActiveCfg = Debug|Any CPU
		{12392ED8-4013-4A7F-982F-D2328013A39B}.Debug|Any CPU.Build.0 = Debug|Any CPU
		{12392ED8-4013-4A7F-982F-D2328013A39B}.Release|Any CPU.ActiveCfg = Release|Any CPU
		{12392ED8-4013-4A7F-982F-D2328013A39B}.Release|Any CPU.Build.0 = Release|Any CPU
		{EBDAEF38-1820-455F-8086-74B199D488B8}.Debug|Any CPU.ActiveCfg = Debug|Any CPU
		{EBDAEF38-1820-455F-8086-74B199D488B8}.Debug|Any CPU.Build.0 = Debug|Any CPU
		{EBDAEF38-1820-455F-8086-74B199D488B8}.Release|Any CPU.ActiveCfg = Release|Any CPU
		{EBDAEF38-1820-455F-8086-74B199D488B8}.Release|Any CPU.Build.0 = Release|Any CPU
		{A93B84D2-7508-470F-9E66-7E477703253D}.Debug|Any CPU.ActiveCfg = Debug|Any CPU
		{A93B84D2-7508-470F-9E66-7E477703253D}.Debug|Any CPU.Build.0 = Debug|Any CPU
		{A93B84D2-7508-470F-9E66-7E477703253D}.Release|Any CPU.ActiveCfg = Release|Any CPU
		{A93B84D2-7508-470F-9E66-7E477703253D}.Release|Any CPU.Build.0 = Release|Any CPU
		{A8F923B5-BB01-42B0-ABFE-610665237154}.Debug|Any CPU.ActiveCfg = Debug|Any CPU
		{A8F923B5-BB01-42B0-ABFE-610665237154}.Debug|Any CPU.Build.0 = Debug|Any CPU
		{A8F923B5-BB01-42B0-ABFE-610665237154}.Release|Any CPU.ActiveCfg = Release|Any CPU
		{A8F923B5-BB01-42B0-ABFE-610665237154}.Release|Any CPU.Build.0 = Release|Any CPU
		{3BDE0059-B165-43C3-9E5E-B5A828B2FB6F}.Debug|Any CPU.ActiveCfg = Debug|Any CPU
		{3BDE0059-B165-43C3-9E5E-B5A828B2FB6F}.Debug|Any CPU.Build.0 = Debug|Any CPU
		{3BDE0059-B165-43C3-9E5E-B5A828B2FB6F}.Release|Any CPU.ActiveCfg = Release|Any CPU
		{3BDE0059-B165-43C3-9E5E-B5A828B2FB6F}.Release|Any CPU.Build.0 = Release|Any CPU
		{00BB000E-E61E-48B0-8E28-78AAF537CE85}.Debug|Any CPU.ActiveCfg = Debug|Any CPU
		{00BB000E-E61E-48B0-8E28-78AAF537CE85}.Debug|Any CPU.Build.0 = Debug|Any CPU
		{00BB000E-E61E-48B0-8E28-78AAF537CE85}.Release|Any CPU.ActiveCfg = Release|Any CPU
		{00BB000E-E61E-48B0-8E28-78AAF537CE85}.Release|Any CPU.Build.0 = Release|Any CPU
		{41A814C2-6EDD-489D-B372-E042E8C25532}.Debug|Any CPU.ActiveCfg = Debug|Any CPU
		{41A814C2-6EDD-489D-B372-E042E8C25532}.Debug|Any CPU.Build.0 = Debug|Any CPU
		{41A814C2-6EDD-489D-B372-E042E8C25532}.Release|Any CPU.ActiveCfg = Release|Any CPU
		{41A814C2-6EDD-489D-B372-E042E8C25532}.Release|Any CPU.Build.0 = Release|Any CPU
		{9484300C-2993-4BDD-B703-459CBB3A1748}.Debug|Any CPU.ActiveCfg = Debug|Any CPU
		{9484300C-2993-4BDD-B703-459CBB3A1748}.Debug|Any CPU.Build.0 = Debug|Any CPU
		{9484300C-2993-4BDD-B703-459CBB3A1748}.Release|Any CPU.ActiveCfg = Release|Any CPU
		{9484300C-2993-4BDD-B703-459CBB3A1748}.Release|Any CPU.Build.0 = Release|Any CPU
		{0C11C0A7-A1E1-43BF-8CE4-C40C1A06B964}.Debug|Any CPU.ActiveCfg = Debug|Any CPU
		{0C11C0A7-A1E1-43BF-8CE4-C40C1A06B964}.Debug|Any CPU.Build.0 = Debug|Any CPU
		{0C11C0A7-A1E1-43BF-8CE4-C40C1A06B964}.Release|Any CPU.ActiveCfg = Release|Any CPU
		{0C11C0A7-A1E1-43BF-8CE4-C40C1A06B964}.Release|Any CPU.Build.0 = Release|Any CPU
	EndGlobalSection
	GlobalSection(SolutionProperties) = preSolution
		HideSolutionNode = FALSE
	EndGlobalSection
	GlobalSection(NestedProjects) = preSolution
		{694EB5A1-A809-44B6-9C43-8E374BCC8388} = {9AFA690C-7E33-4CB6-B131-2D1B153AE675}
		{8070D688-74A1-488F-AA6E-D9265660D0F1} = {694EB5A1-A809-44B6-9C43-8E374BCC8388}
		{07C22610-BFC5-4146-A88E-F909289384A2} = {694EB5A1-A809-44B6-9C43-8E374BCC8388}
		{F2F68DBF-7B33-4E62-80C7-656136F98285} = {9AFA690C-7E33-4CB6-B131-2D1B153AE675}
		{A0BA9F5A-150F-4D93-B7B1-478920996F15} = {F2F68DBF-7B33-4E62-80C7-656136F98285}
		{C169BB79-DE77-47E2-A98D-2FA28E7F780E} = {F2F68DBF-7B33-4E62-80C7-656136F98285}
		{24F9A075-8CBA-4628-8FAD-8DE8783BEC89} = {F2F68DBF-7B33-4E62-80C7-656136F98285}
		{84EB93AE-3B4C-408E-8AAC-7FA32281070C} = {9AFA690C-7E33-4CB6-B131-2D1B153AE675}
		{EBDAEF38-1820-455F-8086-74B199D488B8} = {84EB93AE-3B4C-408E-8AAC-7FA32281070C}
		{A93B84D2-7508-470F-9E66-7E477703253D} = {84EB93AE-3B4C-408E-8AAC-7FA32281070C}
		{65846C42-F78F-491E-8335-046B9D4DFA68} = {9AFA690C-7E33-4CB6-B131-2D1B153AE675}
		{A8F923B5-BB01-42B0-ABFE-610665237154} = {65846C42-F78F-491E-8335-046B9D4DFA68}
		{3BDE0059-B165-43C3-9E5E-B5A828B2FB6F} = {65846C42-F78F-491E-8335-046B9D4DFA68}
		{00BB000E-E61E-48B0-8E28-78AAF537CE85} = {84EB93AE-3B4C-408E-8AAC-7FA32281070C}
		{41A814C2-6EDD-489D-B372-E042E8C25532} = {65846C42-F78F-491E-8335-046B9D4DFA68}
		{9484300C-2993-4BDD-B703-459CBB3A1748} = {694EB5A1-A809-44B6-9C43-8E374BCC8388}
		{0C11C0A7-A1E1-43BF-8CE4-C40C1A06B964} = {F2F68DBF-7B33-4E62-80C7-656136F98285}
	EndGlobalSection
	GlobalSection(ExtensibilityGlobals) = postSolution
		SolutionGuid = {DC0ADE16-614A-4D98-881E-EDE728EB7370}
	EndGlobalSection
EndGlobal
